// !$*UTF8*$!
{
	archiveVersion = 1;
	classes = {
	};
	objectVersion = 52;
	objects = {

/* Begin PBXBuildFile section */
		EEFFD50724CF695700054C49 /* AppDelegate.swift in Sources */ = {isa = PBXBuildFile; fileRef = EEFFD50624CF695700054C49 /* AppDelegate.swift */; };
		EEFFD50924CF695700054C49 /* SceneDelegate.swift in Sources */ = {isa = PBXBuildFile; fileRef = EEFFD50824CF695700054C49 /* SceneDelegate.swift */; };
		EEFFD50E24CF695700054C49 /* Main.storyboard in Resources */ = {isa = PBXBuildFile; fileRef = EEFFD50C24CF695700054C49 /* Main.storyboard */; };
		EEFFD51024CF695800054C49 /* Assets.xcassets in Resources */ = {isa = PBXBuildFile; fileRef = EEFFD50F24CF695800054C49 /* Assets.xcassets */; };
		EEFFD51324CF695800054C49 /* LaunchScreen.storyboard in Resources */ = {isa = PBXBuildFile; fileRef = EEFFD51124CF695800054C49 /* LaunchScreen.storyboard */; };
		EEFFD51B24CF69C700054C49 /* MyListViewController.swift in Sources */ = {isa = PBXBuildFile; fileRef = EEFFD51A24CF69C700054C49 /* MyListViewController.swift */; };
		EEFFD51D24CF6C0500054C49 /* MyListViewCell.swift in Sources */ = {isa = PBXBuildFile; fileRef = EEFFD51C24CF6C0500054C49 /* MyListViewCell.swift */; };
		EEFFD51F24CF6D7B00054C49 /* MyDataModel.swift in Sources */ = {isa = PBXBuildFile; fileRef = EEFFD51E24CF6D7B00054C49 /* MyDataModel.swift */; };
		EEFFD52124CF6F1A00054C49 /* DetailsRequest.swift in Sources */ = {isa = PBXBuildFile; fileRef = EEFFD52024CF6F1A00054C49 /* DetailsRequest.swift */; };
		EEFFD52424CFC9FE00054C49 /* FacebookCore in Frameworks */ = {isa = PBXBuildFile; productRef = EEFFD52324CFC9FE00054C49 /* FacebookCore */; };
		EEFFD52624CFC9FE00054C49 /* FacebookLogin in Frameworks */ = {isa = PBXBuildFile; productRef = EEFFD52524CFC9FE00054C49 /* FacebookLogin */; };
		EEFFD52824CFCBFC00054C49 /* LoginViewController.swift in Sources */ = {isa = PBXBuildFile; fileRef = EEFFD52724CFCBFC00054C49 /* LoginViewController.swift */; };
/* End PBXBuildFile section */

/* Begin PBXFileReference section */
		EEFFD50324CF695700054C49 /* iOS Assignment.app */ = {isa = PBXFileReference; explicitFileType = wrapper.application; includeInIndex = 0; path = "iOS Assignment.app"; sourceTree = BUILT_PRODUCTS_DIR; };
		EEFFD50624CF695700054C49 /* AppDelegate.swift */ = {isa = PBXFileReference; lastKnownFileType = sourcecode.swift; path = AppDelegate.swift; sourceTree = "<group>"; };
		EEFFD50824CF695700054C49 /* SceneDelegate.swift */ = {isa = PBXFileReference; lastKnownFileType = sourcecode.swift; path = SceneDelegate.swift; sourceTree = "<group>"; };
		EEFFD50D24CF695700054C49 /* Base */ = {isa = PBXFileReference; lastKnownFileType = file.storyboard; name = Base; path = Base.lproj/Main.storyboard; sourceTree = "<group>"; };
		EEFFD50F24CF695800054C49 /* Assets.xcassets */ = {isa = PBXFileReference; lastKnownFileType = folder.assetcatalog; path = Assets.xcassets; sourceTree = "<group>"; };
		EEFFD51224CF695800054C49 /* Base */ = {isa = PBXFileReference; lastKnownFileType = file.storyboard; name = Base; path = Base.lproj/LaunchScreen.storyboard; sourceTree = "<group>"; };
		EEFFD51424CF695800054C49 /* Info.plist */ = {isa = PBXFileReference; lastKnownFileType = text.plist.xml; path = Info.plist; sourceTree = "<group>"; };
		EEFFD51A24CF69C700054C49 /* MyListViewController.swift */ = {isa = PBXFileReference; lastKnownFileType = sourcecode.swift; path = MyListViewController.swift; sourceTree = "<group>"; };
		EEFFD51C24CF6C0500054C49 /* MyListViewCell.swift */ = {isa = PBXFileReference; lastKnownFileType = sourcecode.swift; path = MyListViewCell.swift; sourceTree = "<group>"; };
		EEFFD51E24CF6D7B00054C49 /* MyDataModel.swift */ = {isa = PBXFileReference; lastKnownFileType = sourcecode.swift; path = MyDataModel.swift; sourceTree = "<group>"; };
		EEFFD52024CF6F1A00054C49 /* DetailsRequest.swift */ = {isa = PBXFileReference; lastKnownFileType = sourcecode.swift; path = DetailsRequest.swift; sourceTree = "<group>"; };
		EEFFD52724CFCBFC00054C49 /* LoginViewController.swift */ = {isa = PBXFileReference; lastKnownFileType = sourcecode.swift; path = LoginViewController.swift; sourceTree = "<group>"; };
/* End PBXFileReference section */

/* Begin PBXFrameworksBuildPhase section */
		EEFFD50024CF695700054C49 /* Frameworks */ = {
			isa = PBXFrameworksBuildPhase;
			buildActionMask = 2147483647;
			files = (
				EEFFD52624CFC9FE00054C49 /* FacebookLogin in Frameworks */,
				EEFFD52424CFC9FE00054C49 /* FacebookCore in Frameworks */,
			);
			runOnlyForDeploymentPostprocessing = 0;
		};
/* End PBXFrameworksBuildPhase section */

/* Begin PBXGroup section */
		EEFFD4FA24CF695700054C49 = {
			isa = PBXGroup;
			children = (
				EEFFD50524CF695700054C49 /* iOS Assignment */,
				EEFFD50424CF695700054C49 /* Products */,
			);
			sourceTree = "<group>";
		};
		EEFFD50424CF695700054C49 /* Products */ = {
			isa = PBXGroup;
			children = (
				EEFFD50324CF695700054C49 /* iOS Assignment.app */,
			);
			name = Products;
			sourceTree = "<group>";
		};
		EEFFD50524CF695700054C49 /* iOS Assignment */ = {
			isa = PBXGroup;
			children = (
				EEFFD50624CF695700054C49 /* AppDelegate.swift */,
				EEFFD50824CF695700054C49 /* SceneDelegate.swift */,
				EEFFD51A24CF69C700054C49 /* MyListViewController.swift */,
				EEFFD51C24CF6C0500054C49 /* MyListViewCell.swift */,
				EEFFD51E24CF6D7B00054C49 /* MyDataModel.swift */,
				EEFFD52024CF6F1A00054C49 /* DetailsRequest.swift */,
				EEFFD52724CFCBFC00054C49 /* LoginViewController.swift */,
				EEFFD50C24CF695700054C49 /* Main.storyboard */,
				EEFFD50F24CF695800054C49 /* Assets.xcassets */,
				EEFFD51124CF695800054C49 /* LaunchScreen.storyboard */,
				EEFFD51424CF695800054C49 /* Info.plist */,
			);
			path = "iOS Assignment";
			sourceTree = "<group>";
		};
/* End PBXGroup section */

/* Begin PBXNativeTarget section */
		EEFFD50224CF695700054C49 /* iOS Assignment */ = {
			isa = PBXNativeTarget;
			buildConfigurationList = EEFFD51724CF695800054C49 /* Build configuration list for PBXNativeTarget "iOS Assignment" */;
			buildPhases = (
				EEFFD4FF24CF695700054C49 /* Sources */,
				EEFFD50024CF695700054C49 /* Frameworks */,
				EEFFD50124CF695700054C49 /* Resources */,
			);
			buildRules = (
			);
			dependencies = (
			);
			name = "iOS Assignment";
			packageProductDependencies = (
				EEFFD52324CFC9FE00054C49 /* FacebookCore */,
				EEFFD52524CFC9FE00054C49 /* FacebookLogin */,
			);
			productName = "iOS Assignment";
			productReference = EEFFD50324CF695700054C49 /* iOS Assignment.app */;
			productType = "com.apple.product-type.application";
		};
/* End PBXNativeTarget section */

/* Begin PBXProject section */
		EEFFD4FB24CF695700054C49 /* Project object */ = {
			isa = PBXProject;
			attributes = {
				LastSwiftUpdateCheck = 1120;
				LastUpgradeCheck = 1120;
				ORGANIZATIONNAME = "Amith Mihiranga";
				TargetAttributes = {
					EEFFD50224CF695700054C49 = {
						CreatedOnToolsVersion = 11.2.1;
					};
				};
			};
			buildConfigurationList = EEFFD4FE24CF695700054C49 /* Build configuration list for PBXProject "iOS Assignment" */;
			compatibilityVersion = "Xcode 9.3";
			developmentRegion = en;
			hasScannedForEncodings = 0;
			knownRegions = (
				en,
				Base,
			);
			mainGroup = EEFFD4FA24CF695700054C49;
			packageReferences = (
				EEFFD52224CFC9FE00054C49 /* XCRemoteSwiftPackageReference "facebook-ios-sdk" */,
			);
			productRefGroup = EEFFD50424CF695700054C49 /* Products */;
			projectDirPath = "";
			projectRoot = "";
			targets = (
				EEFFD50224CF695700054C49 /* iOS Assignment */,
			);
		};
/* End PBXProject section */

/* Begin PBXResourcesBuildPhase section */
		EEFFD50124CF695700054C49 /* Resources */ = {
			isa = PBXResourcesBuildPhase;
			buildActionMask = 2147483647;
			files = (
				EEFFD51324CF695800054C49 /* LaunchScreen.storyboard in Resources */,
				EEFFD51024CF695800054C49 /* Assets.xcassets in Resources */,
				EEFFD50E24CF695700054C49 /* Main.storyboard in Resources */,
			);
			runOnlyForDeploymentPostprocessing = 0;
		};
/* End PBXResourcesBuildPhase section */

/* Begin PBXSourcesBuildPhase section */
		EEFFD4FF24CF695700054C49 /* Sources */ = {
			isa = PBXSourcesBuildPhase;
			buildActionMask = 2147483647;
			files = (
				EEFFD52824CFCBFC00054C49 /* LoginViewController.swift in Sources */,
				EEFFD51D24CF6C0500054C49 /* MyListViewCell.swift in Sources */,
				EEFFD51B24CF69C700054C49 /* MyListViewController.swift in Sources */,
				EEFFD50724CF695700054C49 /* AppDelegate.swift in Sources */,
				EEFFD51F24CF6D7B00054C49 /* MyDataModel.swift in Sources */,
				EEFFD52124CF6F1A00054C49 /* DetailsRequest.swift in Sources */,
				EEFFD50924CF695700054C49 /* SceneDelegate.swift in Sources */,
			);
			runOnlyForDeploymentPostprocessing = 0;
		};
/* End PBXSourcesBuildPhase section */

/* Begin PBXVariantGroup section */
		EEFFD50C24CF695700054C49 /* Main.storyboard */ = {
			isa = PBXVariantGroup;
			children = (
				EEFFD50D24CF695700054C49 /* Base */,
			);
			name = Main.storyboard;
			sourceTree = "<group>";
		};
		EEFFD51124CF695800054C49 /* LaunchScreen.storyboard */ = {
			isa = PBXVariantGroup;
			children = (
				EEFFD51224CF695800054C49 /* Base */,
			);
			name = LaunchScreen.storyboard;
			sourceTree = "<group>";
		};
/* End PBXVariantGroup section */

/* Begin XCBuildConfiguration section */
		EEFFD51524CF695800054C49 /* Debug */ = {
			isa = XCBuildConfiguration;
			buildSettings = {
				ALWAYS_SEARCH_USER_PATHS = NO;
				CLANG_ANALYZER_NONNULL = YES;
				CLANG_ANALYZER_NUMBER_OBJECT_CONVERSION = YES_AGGRESSIVE;
				CLANG_CXX_LANGUAGE_STANDARD = "gnu++14";
				CLANG_CXX_LIBRARY = "libc++";
				CLANG_ENABLE_MODULES = YES;
				CLANG_ENABLE_OBJC_ARC = YES;
				CLANG_ENABLE_OBJC_WEAK = YES;
				CLANG_WARN_BLOCK_CAPTURE_AUTORELEASING = YES;
				CLANG_WARN_BOOL_CONVERSION = YES;
				CLANG_WARN_COMMA = YES;
				CLANG_WARN_CONSTANT_CONVERSION = YES;
				CLANG_WARN_DEPRECATED_OBJC_IMPLEMENTATIONS = YES;
				CLANG_WARN_DIRECT_OBJC_ISA_USAGE = YES_ERROR;
				CLANG_WARN_DOCUMENTATION_COMMENTS = YES;
				CLANG_WARN_EMPTY_BODY = YES;
				CLANG_WARN_ENUM_CONVERSION = YES;
				CLANG_WARN_INFINITE_RECURSION = YES;
				CLANG_WARN_INT_CONVERSION = YES;
				CLANG_WARN_NON_LITERAL_NULL_CONVERSION = YES;
				CLANG_WARN_OBJC_IMPLICIT_RETAIN_SELF = YES;
				CLANG_WARN_OBJC_LITERAL_CONVERSION = YES;
				CLANG_WARN_OBJC_ROOT_CLASS = YES_ERROR;
				CLANG_WARN_RANGE_LOOP_ANALYSIS = YES;
				CLANG_WARN_STRICT_PROTOTYPES = YES;
				CLANG_WARN_SUSPICIOUS_MOVE = YES;
				CLANG_WARN_UNGUARDED_AVAILABILITY = YES_AGGRESSIVE;
				CLANG_WARN_UNREACHABLE_CODE = YES;
				CLANG_WARN__DUPLICATE_METHOD_MATCH = YES;
				COPY_PHASE_STRIP = NO;
				DEBUG_INFORMATION_FORMAT = dwarf;
				ENABLE_STRICT_OBJC_MSGSEND = YES;
				ENABLE_TESTABILITY = YES;
				GCC_C_LANGUAGE_STANDARD = gnu11;
				GCC_DYNAMIC_NO_PIC = NO;
				GCC_NO_COMMON_BLOCKS = YES;
				GCC_OPTIMIZATION_LEVEL = 0;
				GCC_PREPROCESSOR_DEFINITIONS = (
					"DEBUG=1",
					"$(inherited)",
				);
				GCC_WARN_64_TO_32_BIT_CONVERSION = YES;
				GCC_WARN_ABOUT_RETURN_TYPE = YES_ERROR;
				GCC_WARN_UNDECLARED_SELECTOR = YES;
				GCC_WARN_UNINITIALIZED_AUTOS = YES_AGGRESSIVE;
				GCC_WARN_UNUSED_FUNCTION = YES;
				GCC_WARN_UNUSED_VARIABLE = YES;
				IPHONEOS_DEPLOYMENT_TARGET = 13.2;
				MTL_ENABLE_DEBUG_INFO = INCLUDE_SOURCE;
				MTL_FAST_MATH = YES;
				ONLY_ACTIVE_ARCH = YES;
				SDKROOT = iphoneos;
				SWIFT_ACTIVE_COMPILATION_CONDITIONS = DEBUG;
				SWIFT_OPTIMIZATION_LEVEL = "-Onone";
			};
			name = Debug;
		};
		EEFFD51624CF695800054C49 /* Release */ = {
			isa = XCBuildConfiguration;
			buildSettings = {
				ALWAYS_SEARCH_USER_PATHS = NO;
				CLANG_ANALYZER_NONNULL = YES;
				CLANG_ANALYZER_NUMBER_OBJECT_CONVERSION = YES_AGGRESSIVE;
				CLANG_CXX_LANGUAGE_STANDARD = "gnu++14";
				CLANG_CXX_LIBRARY = "libc++";
				CLANG_ENABLE_MODULES = YES;
				CLANG_ENABLE_OBJC_ARC = YES;
				CLANG_ENABLE_OBJC_WEAK = YES;
				CLANG_WARN_BLOCK_CAPTURE_AUTORELEASING = YES;
				CLANG_WARN_BOOL_CONVERSION = YES;
				CLANG_WARN_COMMA = YES;
				CLANG_WARN_CONSTANT_CONVERSION = YES;
				CLANG_WARN_DEPRECATED_OBJC_IMPLEMENTATIONS = YES;
				CLANG_WARN_DIRECT_OBJC_ISA_USAGE = YES_ERROR;
				CLANG_WARN_DOCUMENTATION_COMMENTS = YES;
				CLANG_WARN_EMPTY_BODY = YES;
				CLANG_WARN_ENUM_CONVERSION = YES;
				CLANG_WARN_INFINITE_RECURSION = YES;
				CLANG_WARN_INT_CONVERSION = YES;
				CLANG_WARN_NON_LITERAL_NULL_CONVERSION = YES;
				CLANG_WARN_OBJC_IMPLICIT_RETAIN_SELF = YES;
				CLANG_WARN_OBJC_LITERAL_CONVERSION = YES;
				CLANG_WARN_OBJC_ROOT_CLASS = YES_ERROR;
				CLANG_WARN_RANGE_LOOP_ANALYSIS = YES;
				CLANG_WARN_STRICT_PROTOTYPES = YES;
				CLANG_WARN_SUSPICIOUS_MOVE = YES;
				CLANG_WARN_UNGUARDED_AVAILABILITY = YES_AGGRESSIVE;
				CLANG_WARN_UNREACHABLE_CODE = YES;
				CLANG_WARN__DUPLICATE_METHOD_MATCH = YES;
				COPY_PHASE_STRIP = NO;
				DEBUG_INFORMATION_FORMAT = "dwarf-with-dsym";
				ENABLE_NS_ASSERTIONS = NO;
				ENABLE_STRICT_OBJC_MSGSEND = YES;
				GCC_C_LANGUAGE_STANDARD = gnu11;
				GCC_NO_COMMON_BLOCKS = YES;
				GCC_WARN_64_TO_32_BIT_CONVERSION = YES;
				GCC_WARN_ABOUT_RETURN_TYPE = YES_ERROR;
				GCC_WARN_UNDECLARED_SELECTOR = YES;
				GCC_WARN_UNINITIALIZED_AUTOS = YES_AGGRESSIVE;
				GCC_WARN_UNUSED_FUNCTION = YES;
				GCC_WARN_UNUSED_VARIABLE = YES;
				IPHONEOS_DEPLOYMENT_TARGET = 13.2;
				MTL_ENABLE_DEBUG_INFO = NO;
				MTL_FAST_MATH = YES;
				SDKROOT = iphoneos;
				SWIFT_COMPILATION_MODE = wholemodule;
				SWIFT_OPTIMIZATION_LEVEL = "-O";
				VALIDATE_PRODUCT = YES;
			};
			name = Release;
		};
		EEFFD51824CF695800054C49 /* Debug */ = {
			isa = XCBuildConfiguration;
			buildSettings = {
				ASSETCATALOG_COMPILER_APPICON_NAME = AppIcon;
				CODE_SIGN_STYLE = Automatic;
				DEVELOPMENT_TEAM = 6L74T39KP5;
				INFOPLIST_FILE = "iOS Assignment/Info.plist";
				LD_RUNPATH_SEARCH_PATHS = (
					"$(inherited)",
					"@executable_path/Frameworks",
				);
				PRODUCT_BUNDLE_IDENTIFIER = "com.lwpamihiranga.iOS-Assignment";
				PRODUCT_NAME = "$(TARGET_NAME)";
				SWIFT_VERSION = 5.0;
				TARGETED_DEVICE_FAMILY = "1,2";
			};
			name = Debug;
		};
		EEFFD51924CF695800054C49 /* Release */ = {
			isa = XCBuildConfiguration;
			buildSettings = {
				ASSETCATALOG_COMPILER_APPICON_NAME = AppIcon;
				CODE_SIGN_STYLE = Automatic;
				DEVELOPMENT_TEAM = 6L74T39KP5;
				INFOPLIST_FILE = "iOS Assignment/Info.plist";
				LD_RUNPATH_SEARCH_PATHS = (
					"$(inherited)",
					"@executable_path/Frameworks",
				);
				PRODUCT_BUNDLE_IDENTIFIER = "com.lwpamihiranga.iOS-Assignment";
				PRODUCT_NAME = "$(TARGET_NAME)";
				SWIFT_VERSION = 5.0;
				TARGETED_DEVICE_FAMILY = "1,2";
			};
			name = Release;
		};
/* End XCBuildConfiguration section */

/* Begin XCConfigurationList section */
		EEFFD4FE24CF695700054C49 /* Build configuration list for PBXProject "iOS Assignment" */ = {
			isa = XCConfigurationList;
			buildConfigurations = (
				EEFFD51524CF695800054C49 /* Debug */,
				EEFFD51624CF695800054C49 /* Release */,
			);
			defaultConfigurationIsVisible = 0;
			defaultConfigurationName = Release;
		};
		EEFFD51724CF695800054C49 /* Build configuration list for PBXNativeTarget "iOS Assignment" */ = {
			isa = XCConfigurationList;
			buildConfigurations = (
				EEFFD51824CF695800054C49 /* Debug */,
				EEFFD51924CF695800054C49 /* Release */,
			);
			defaultConfigurationIsVisible = 0;
			defaultConfigurationName = Release;
		};
/* End XCConfigurationList section */

/* Begin XCRemoteSwiftPackageReference section */
		EEFFD52224CFC9FE00054C49 /* XCRemoteSwiftPackageReference "facebook-ios-sdk" */ = {
			isa = XCRemoteSwiftPackageReference;
			repositoryURL = "https://github.com/facebook/facebook-ios-sdk";
			requirement = {
				kind = upToNextMajorVersion;
				minimumVersion = 7.1.1;
			};
		};
/* End XCRemoteSwiftPackageReference section */

/* Begin XCSwiftPackageProductDependency section */
		EEFFD52324CFC9FE00054C49 /* FacebookCore */ = {
			isa = XCSwiftPackageProductDependency;
			package = EEFFD52224CFC9FE00054C49 /* XCRemoteSwiftPackageReference "facebook-ios-sdk" */;
			productName = FacebookCore;
		};
		EEFFD52524CFC9FE00054C49 /* FacebookLogin */ = {
			isa = XCSwiftPackageProductDependency;
			package = EEFFD52224CFC9FE00054C49 /* XCRemoteSwiftPackageReference "facebook-ios-sdk" */;
			productName = FacebookLogin;
		};
/* End XCSwiftPackageProductDependency section */
	};
	rootObject = EEFFD4FB24CF695700054C49 /* Project object */;
}
